// !$*UTF8*$!
{
	archiveVersion = 1;
	classes = {
	};
	objectVersion = 50;
	objects = {

/* Begin PBXBuildFile section */
		1DE4E5C5270A5CCE004A30CA /* AppDelegate.swift in Sources */ = {isa = PBXBuildFile; fileRef = 1DE4E5C4270A5CCE004A30CA /* AppDelegate.swift */; };
		1DE4E5C7270A5CCE004A30CA /* SceneDelegate.swift in Sources */ = {isa = PBXBuildFile; fileRef = 1DE4E5C6270A5CCE004A30CA /* SceneDelegate.swift */; };
		1DE4E5C9270A5CCE004A30CA /* ViewController.swift in Sources */ = {isa = PBXBuildFile; fileRef = 1DE4E5C8270A5CCE004A30CA /* ViewController.swift */; };
		1DE4E5CC270A5CCE004A30CA /* Main.storyboard in Resources */ = {isa = PBXBuildFile; fileRef = 1DE4E5CA270A5CCE004A30CA /* Main.storyboard */; };
		1DE4E5CE270A5CD0004A30CA /* Assets.xcassets in Resources */ = {isa = PBXBuildFile; fileRef = 1DE4E5CD270A5CD0004A30CA /* Assets.xcassets */; };
		1DE4E5D1270A5CD0004A30CA /* LaunchScreen.storyboard in Resources */ = {isa = PBXBuildFile; fileRef = 1DE4E5CF270A5CD0004A30CA /* LaunchScreen.storyboard */; };
		B4BEC0AE27675CBE006BBAAB /* PrimaryButton.swift in Sources */ = {isa = PBXBuildFile; fileRef = B4BEC0AD27675CBE006BBAAB /* PrimaryButton.swift */; };
		B4BEC0B1276761EE006BBAAB /* RegistrationController.swift in Sources */ = {isa = PBXBuildFile; fileRef = B4BEC0AF276761EE006BBAAB /* RegistrationController.swift */; };
		B4BEC0B2276761EE006BBAAB /* RegistrationController.xib in Resources */ = {isa = PBXBuildFile; fileRef = B4BEC0B0276761EE006BBAAB /* RegistrationController.xib */; };
		B4BEC0B727676230006BBAAB /* LoginController.swift in Sources */ = {isa = PBXBuildFile; fileRef = B4BEC0B527676230006BBAAB /* LoginController.swift */; };
		B4BEC0B827676230006BBAAB /* LoginController.xib in Resources */ = {isa = PBXBuildFile; fileRef = B4BEC0B627676230006BBAAB /* LoginController.xib */; };
		B4BEC0BD27676798006BBAAB /* FormTextField.swift in Sources */ = {isa = PBXBuildFile; fileRef = B4BEC0BC27676798006BBAAB /* FormTextField.swift */; };
		B4BEC0C0276773FD006BBAAB /* TabsController.swift in Sources */ = {isa = PBXBuildFile; fileRef = B4BEC0BE276773FD006BBAAB /* TabsController.swift */; };
		B4BEC0C1276773FD006BBAAB /* TabsController.xib in Resources */ = {isa = PBXBuildFile; fileRef = B4BEC0BF276773FD006BBAAB /* TabsController.xib */; };
		B4BEC0C5276774AF006BBAAB /* ActivityListController.swift in Sources */ = {isa = PBXBuildFile; fileRef = B4BEC0C3276774AF006BBAAB /* ActivityListController.swift */; };
		B4BEC0C6276774AF006BBAAB /* ActivityListController.xib in Resources */ = {isa = PBXBuildFile; fileRef = B4BEC0C4276774AF006BBAAB /* ActivityListController.xib */; };
		B4BEC0C9276774BF006BBAAB /* ProfileController.swift in Sources */ = {isa = PBXBuildFile; fileRef = B4BEC0C7276774BF006BBAAB /* ProfileController.swift */; };
		B4BEC0CA276774BF006BBAAB /* ProfileController.xib in Resources */ = {isa = PBXBuildFile; fileRef = B4BEC0C8276774BF006BBAAB /* ProfileController.xib */; };
		B4BEC0CF27678CF4006BBAAB /* ActivityTableViewCell.swift in Sources */ = {isa = PBXBuildFile; fileRef = B4BEC0CD27678CF4006BBAAB /* ActivityTableViewCell.swift */; };
		B4BEC0D027678CF4006BBAAB /* ActivityTableViewCell.xib in Resources */ = {isa = PBXBuildFile; fileRef = B4BEC0CE27678CF4006BBAAB /* ActivityTableViewCell.xib */; };
		B4BEC0D427679271006BBAAB /* ActivityDetailsController.swift in Sources */ = {isa = PBXBuildFile; fileRef = B4BEC0D227679271006BBAAB /* ActivityDetailsController.swift */; };
		B4BEC0D527679271006BBAAB /* ActivityDetailsController.xib in Resources */ = {isa = PBXBuildFile; fileRef = B4BEC0D327679271006BBAAB /* ActivityDetailsController.xib */; };
		B4BEC0D927682DB8006BBAAB /* ActivityTrackingController.swift in Sources */ = {isa = PBXBuildFile; fileRef = B4BEC0D727682DB8006BBAAB /* ActivityTrackingController.swift */; };
		B4BEC0DA27682DB8006BBAAB /* ActivityTrackingController.xib in Resources */ = {isa = PBXBuildFile; fileRef = B4BEC0D827682DB8006BBAAB /* ActivityTrackingController.xib */; };
		B4F1A0242768DFE2006D8521 /* PauseButton.swift in Sources */ = {isa = PBXBuildFile; fileRef = B4F1A0232768DFE2006D8521 /* PauseButton.swift */; };
		B4F1A0262768E191006D8521 /* FinishButton.swift in Sources */ = {isa = PBXBuildFile; fileRef = B4F1A0252768E191006D8521 /* FinishButton.swift */; };
		B4F1A02A2768E254006D8521 /* TypeCollectionViewCell.swift in Sources */ = {isa = PBXBuildFile; fileRef = B4F1A0282768E254006D8521 /* TypeCollectionViewCell.swift */; };
		B4F1A02B2768E254006D8521 /* TypeCollectionViewCell.xib in Resources */ = {isa = PBXBuildFile; fileRef = B4F1A0292768E254006D8521 /* TypeCollectionViewCell.xib */; };
		B4F1A0302768E882006D8521 /* CoreDataContainer.swift in Sources */ = {isa = PBXBuildFile; fileRef = B4F1A02F2768E882006D8521 /* CoreDataContainer.swift */; };
		B4F1A0322768E8A9006D8521 /* CDController.swift in Sources */ = {isa = PBXBuildFile; fileRef = B4F1A0312768E8A9006D8521 /* CDController.swift */; };
		B4F1A0352768E8E9006D8521 /* fefuactivity.xcdatamodeld in Sources */ = {isa = PBXBuildFile; fileRef = B4F1A0332768E8E9006D8521 /* fefuactivity.xcdatamodeld */; };
		B4F1A0382768F5B3006D8521 /* Types.swift in Sources */ = {isa = PBXBuildFile; fileRef = B4F1A0372768F5B3006D8521 /* Types.swift */; };
		B4F1A03A2768F5F2006D8521 /* AuthService.swift in Sources */ = {isa = PBXBuildFile; fileRef = B4F1A0392768F5F2006D8521 /* AuthService.swift */; };
/* End PBXBuildFile section */

/* Begin PBXFileReference section */
		1DE4E5C1270A5CCE004A30CA /* fefuactivity.app */ = {isa = PBXFileReference; explicitFileType = wrapper.application; includeInIndex = 0; path = fefuactivity.app; sourceTree = BUILT_PRODUCTS_DIR; };
		1DE4E5C4270A5CCE004A30CA /* AppDelegate.swift */ = {isa = PBXFileReference; lastKnownFileType = sourcecode.swift; path = AppDelegate.swift; sourceTree = "<group>"; };
		1DE4E5C6270A5CCE004A30CA /* SceneDelegate.swift */ = {isa = PBXFileReference; lastKnownFileType = sourcecode.swift; path = SceneDelegate.swift; sourceTree = "<group>"; };
		1DE4E5C8270A5CCE004A30CA /* ViewController.swift */ = {isa = PBXFileReference; lastKnownFileType = sourcecode.swift; path = ViewController.swift; sourceTree = "<group>"; };
		1DE4E5CB270A5CCE004A30CA /* Base */ = {isa = PBXFileReference; lastKnownFileType = file.storyboard; name = Base; path = Base.lproj/Main.storyboard; sourceTree = "<group>"; };
		1DE4E5CD270A5CD0004A30CA /* Assets.xcassets */ = {isa = PBXFileReference; lastKnownFileType = folder.assetcatalog; path = Assets.xcassets; sourceTree = "<group>"; };
		1DE4E5D0270A5CD0004A30CA /* Base */ = {isa = PBXFileReference; lastKnownFileType = file.storyboard; name = Base; path = Base.lproj/LaunchScreen.storyboard; sourceTree = "<group>"; };
		1DE4E5D2270A5CD0004A30CA /* Info.plist */ = {isa = PBXFileReference; lastKnownFileType = text.plist.xml; path = Info.plist; sourceTree = "<group>"; };
		B4BEC0AD27675CBE006BBAAB /* PrimaryButton.swift */ = {isa = PBXFileReference; lastKnownFileType = sourcecode.swift; path = PrimaryButton.swift; sourceTree = "<group>"; };
		B4BEC0AF276761EE006BBAAB /* RegistrationController.swift */ = {isa = PBXFileReference; lastKnownFileType = sourcecode.swift; path = RegistrationController.swift; sourceTree = "<group>"; };
		B4BEC0B0276761EE006BBAAB /* RegistrationController.xib */ = {isa = PBXFileReference; lastKnownFileType = file.xib; path = RegistrationController.xib; sourceTree = "<group>"; };
		B4BEC0B527676230006BBAAB /* LoginController.swift */ = {isa = PBXFileReference; lastKnownFileType = sourcecode.swift; path = LoginController.swift; sourceTree = "<group>"; };
		B4BEC0B627676230006BBAAB /* LoginController.xib */ = {isa = PBXFileReference; lastKnownFileType = file.xib; path = LoginController.xib; sourceTree = "<group>"; };
		B4BEC0BC27676798006BBAAB /* FormTextField.swift */ = {isa = PBXFileReference; lastKnownFileType = sourcecode.swift; path = FormTextField.swift; sourceTree = "<group>"; };
		B4BEC0BE276773FD006BBAAB /* TabsController.swift */ = {isa = PBXFileReference; lastKnownFileType = sourcecode.swift; path = TabsController.swift; sourceTree = "<group>"; };
		B4BEC0BF276773FD006BBAAB /* TabsController.xib */ = {isa = PBXFileReference; lastKnownFileType = file.xib; path = TabsController.xib; sourceTree = "<group>"; };
		B4BEC0C3276774AF006BBAAB /* ActivityListController.swift */ = {isa = PBXFileReference; lastKnownFileType = sourcecode.swift; path = ActivityListController.swift; sourceTree = "<group>"; };
		B4BEC0C4276774AF006BBAAB /* ActivityListController.xib */ = {isa = PBXFileReference; lastKnownFileType = file.xib; path = ActivityListController.xib; sourceTree = "<group>"; };
		B4BEC0C7276774BF006BBAAB /* ProfileController.swift */ = {isa = PBXFileReference; lastKnownFileType = sourcecode.swift; path = ProfileController.swift; sourceTree = "<group>"; };
		B4BEC0C8276774BF006BBAAB /* ProfileController.xib */ = {isa = PBXFileReference; lastKnownFileType = file.xib; path = ProfileController.xib; sourceTree = "<group>"; };
		B4BEC0CD27678CF4006BBAAB /* ActivityTableViewCell.swift */ = {isa = PBXFileReference; lastKnownFileType = sourcecode.swift; path = ActivityTableViewCell.swift; sourceTree = "<group>"; };
		B4BEC0CE27678CF4006BBAAB /* ActivityTableViewCell.xib */ = {isa = PBXFileReference; lastKnownFileType = file.xib; path = ActivityTableViewCell.xib; sourceTree = "<group>"; };
		B4BEC0D227679271006BBAAB /* ActivityDetailsController.swift */ = {isa = PBXFileReference; lastKnownFileType = sourcecode.swift; path = ActivityDetailsController.swift; sourceTree = "<group>"; };
		B4BEC0D327679271006BBAAB /* ActivityDetailsController.xib */ = {isa = PBXFileReference; lastKnownFileType = file.xib; path = ActivityDetailsController.xib; sourceTree = "<group>"; };
		B4BEC0D727682DB8006BBAAB /* ActivityTrackingController.swift */ = {isa = PBXFileReference; lastKnownFileType = sourcecode.swift; path = ActivityTrackingController.swift; sourceTree = "<group>"; };
		B4BEC0D827682DB8006BBAAB /* ActivityTrackingController.xib */ = {isa = PBXFileReference; lastKnownFileType = file.xib; path = ActivityTrackingController.xib; sourceTree = "<group>"; };
		B4F1A0232768DFE2006D8521 /* PauseButton.swift */ = {isa = PBXFileReference; lastKnownFileType = sourcecode.swift; path = PauseButton.swift; sourceTree = "<group>"; };
		B4F1A0252768E191006D8521 /* FinishButton.swift */ = {isa = PBXFileReference; lastKnownFileType = sourcecode.swift; path = FinishButton.swift; sourceTree = "<group>"; };
		B4F1A0282768E254006D8521 /* TypeCollectionViewCell.swift */ = {isa = PBXFileReference; lastKnownFileType = sourcecode.swift; path = TypeCollectionViewCell.swift; sourceTree = "<group>"; };
		B4F1A0292768E254006D8521 /* TypeCollectionViewCell.xib */ = {isa = PBXFileReference; lastKnownFileType = file.xib; path = TypeCollectionViewCell.xib; sourceTree = "<group>"; };
		B4F1A02F2768E882006D8521 /* CoreDataContainer.swift */ = {isa = PBXFileReference; lastKnownFileType = sourcecode.swift; path = CoreDataContainer.swift; sourceTree = "<group>"; };
		B4F1A0312768E8A9006D8521 /* CDController.swift */ = {isa = PBXFileReference; lastKnownFileType = sourcecode.swift; path = CDController.swift; sourceTree = "<group>"; xcLanguageSpecificationIdentifier = xcode.lang.swift; };
		B4F1A0342768E8E9006D8521 /* fefuactivity.xcdatamodel */ = {isa = PBXFileReference; lastKnownFileType = wrapper.xcdatamodel; path = fefuactivity.xcdatamodel; sourceTree = "<group>"; };
		B4F1A0372768F5B3006D8521 /* Types.swift */ = {isa = PBXFileReference; lastKnownFileType = sourcecode.swift; path = Types.swift; sourceTree = "<group>"; };
		B4F1A0392768F5F2006D8521 /* AuthService.swift */ = {isa = PBXFileReference; lastKnownFileType = sourcecode.swift; path = AuthService.swift; sourceTree = "<group>"; };
/* End PBXFileReference section */

/* Begin PBXFrameworksBuildPhase section */
		1DE4E5BE270A5CCE004A30CA /* Frameworks */ = {
			isa = PBXFrameworksBuildPhase;
			buildActionMask = 2147483647;
			files = (
			);
			runOnlyForDeploymentPostprocessing = 0;
		};
/* End PBXFrameworksBuildPhase section */

/* Begin PBXGroup section */
		1DE4E5B8270A5CCE004A30CA = {
			isa = PBXGroup;
			children = (
				1DE4E5C3270A5CCE004A30CA /* fefuactivity */,
				1DE4E5C2270A5CCE004A30CA /* Products */,
			);
			sourceTree = "<group>";
		};
		1DE4E5C2270A5CCE004A30CA /* Products */ = {
			isa = PBXGroup;
			children = (
				1DE4E5C1270A5CCE004A30CA /* fefuactivity.app */,
			);
			name = Products;
			sourceTree = "<group>";
		};
		1DE4E5C3270A5CCE004A30CA /* fefuactivity */ = {
			isa = PBXGroup;
			children = (
				B4F1A02D2768E861006D8521 /* Service Layer */,
				B4BEC0A927675C6E006BBAAB /* App Layer */,
				1DE4E5C4270A5CCE004A30CA /* AppDelegate.swift */,
				1DE4E5C6270A5CCE004A30CA /* SceneDelegate.swift */,
				1DE4E5CA270A5CCE004A30CA /* Main.storyboard */,
				1DE4E5CD270A5CD0004A30CA /* Assets.xcassets */,
				1DE4E5CF270A5CD0004A30CA /* LaunchScreen.storyboard */,
				1DE4E5D2270A5CD0004A30CA /* Info.plist */,
				B4F1A0332768E8E9006D8521 /* fefuactivity.xcdatamodeld */,
			);
			path = fefuactivity;
			sourceTree = "<group>";
		};
		B4BEC0A927675C6E006BBAAB /* App Layer */ = {
			isa = PBXGroup;
			children = (
				B4F1A0272768E220006D8521 /* CollectionViewCells */,
				B4BEC0D127678D00006BBAAB /* TableViewCells */,
				B4BEC0BB2767677A006BBAAB /* TextFields */,
				B4BEC0AB27675C8F006BBAAB /* Buttons */,
				B4BEC0AA27675C7C006BBAAB /* Controllers */,
			);
			path = "App Layer";
			sourceTree = "<group>";
		};
		B4BEC0AA27675C7C006BBAAB /* Controllers */ = {
			isa = PBXGroup;
			children = (
				1DE4E5C8270A5CCE004A30CA /* ViewController.swift */,
				B4BEC0B4276761F8006BBAAB /* Registration */,
				B4BEC0B927676251006BBAAB /* Login */,
				B4BEC0C227677402006BBAAB /* Tabs */,
				B4BEC0CB276774C2006BBAAB /* ActivityList */,
				B4BEC0CC276774CB006BBAAB /* Profile */,
				B4BEC0D627679275006BBAAB /* ActivityDetails */,
				B4BEC0DB276838DF006BBAAB /* ActivityTracking */,
			);
			path = Controllers;
			sourceTree = "<group>";
		};
		B4BEC0AB27675C8F006BBAAB /* Buttons */ = {
			isa = PBXGroup;
			children = (
				B4BEC0AD27675CBE006BBAAB /* PrimaryButton.swift */,
				B4F1A0232768DFE2006D8521 /* PauseButton.swift */,
				B4F1A0252768E191006D8521 /* FinishButton.swift */,
			);
			path = Buttons;
			sourceTree = "<group>";
		};
		B4BEC0B4276761F8006BBAAB /* Registration */ = {
			isa = PBXGroup;
			children = (
				B4BEC0AF276761EE006BBAAB /* RegistrationController.swift */,
				B4BEC0B0276761EE006BBAAB /* RegistrationController.xib */,
			);
			path = Registration;
			sourceTree = "<group>";
		};
		B4BEC0B927676251006BBAAB /* Login */ = {
			isa = PBXGroup;
			children = (
				B4BEC0B527676230006BBAAB /* LoginController.swift */,
				B4BEC0B627676230006BBAAB /* LoginController.xib */,
			);
			path = Login;
			sourceTree = "<group>";
		};
		B4BEC0BB2767677A006BBAAB /* TextFields */ = {
			isa = PBXGroup;
			children = (
				B4BEC0BC27676798006BBAAB /* FormTextField.swift */,
			);
			path = TextFields;
			sourceTree = "<group>";
		};
		B4BEC0C227677402006BBAAB /* Tabs */ = {
			isa = PBXGroup;
			children = (
				B4BEC0BE276773FD006BBAAB /* TabsController.swift */,
				B4BEC0BF276773FD006BBAAB /* TabsController.xib */,
			);
			path = Tabs;
			sourceTree = "<group>";
		};
		B4BEC0CB276774C2006BBAAB /* ActivityList */ = {
			isa = PBXGroup;
			children = (
				B4BEC0C3276774AF006BBAAB /* ActivityListController.swift */,
				B4BEC0C4276774AF006BBAAB /* ActivityListController.xib */,
			);
			path = ActivityList;
			sourceTree = "<group>";
		};
		B4BEC0CC276774CB006BBAAB /* Profile */ = {
			isa = PBXGroup;
			children = (
				B4BEC0C7276774BF006BBAAB /* ProfileController.swift */,
				B4BEC0C8276774BF006BBAAB /* ProfileController.xib */,
			);
			path = Profile;
			sourceTree = "<group>";
		};
		B4BEC0D127678D00006BBAAB /* TableViewCells */ = {
			isa = PBXGroup;
			children = (
				B4BEC0CD27678CF4006BBAAB /* ActivityTableViewCell.swift */,
				B4BEC0CE27678CF4006BBAAB /* ActivityTableViewCell.xib */,
			);
			path = TableViewCells;
			sourceTree = "<group>";
		};
		B4BEC0D627679275006BBAAB /* ActivityDetails */ = {
			isa = PBXGroup;
			children = (
				B4BEC0D227679271006BBAAB /* ActivityDetailsController.swift */,
				B4BEC0D327679271006BBAAB /* ActivityDetailsController.xib */,
			);
			path = ActivityDetails;
			sourceTree = "<group>";
		};
		B4BEC0DB276838DF006BBAAB /* ActivityTracking */ = {
			isa = PBXGroup;
			children = (
				B4BEC0D727682DB8006BBAAB /* ActivityTrackingController.swift */,
				B4BEC0D827682DB8006BBAAB /* ActivityTrackingController.xib */,
			);
			path = ActivityTracking;
			sourceTree = "<group>";
		};
		B4F1A0272768E220006D8521 /* CollectionViewCells */ = {
			isa = PBXGroup;
			children = (
				B4F1A0282768E254006D8521 /* TypeCollectionViewCell.swift */,
				B4F1A0292768E254006D8521 /* TypeCollectionViewCell.xib */,
			);
			path = CollectionViewCells;
			sourceTree = "<group>";
		};
		B4F1A02D2768E861006D8521 /* Service Layer */ = {
			isa = PBXGroup;
			children = (
				B4F1A0362768F5A2006D8521 /* ApiHelpers */,
				B4F1A02E2768E86B006D8521 /* CoreData */,
			);
			path = "Service Layer";
			sourceTree = "<group>";
		};
		B4F1A02E2768E86B006D8521 /* CoreData */ = {
			isa = PBXGroup;
			children = (
				B4F1A02F2768E882006D8521 /* CoreDataContainer.swift */,
				B4F1A0312768E8A9006D8521 /* CDController.swift */,
			);
			path = CoreData;
			sourceTree = "<group>";
		};
		B4F1A0362768F5A2006D8521 /* ApiHelpers */ = {
			isa = PBXGroup;
			children = (
				B4F1A0372768F5B3006D8521 /* Types.swift */,
				B4F1A0392768F5F2006D8521 /* AuthService.swift */,
			);
			path = ApiHelpers;
			sourceTree = "<group>";
		};
/* End PBXGroup section */

/* Begin PBXNativeTarget section */
		1DE4E5C0270A5CCE004A30CA /* fefuactivity */ = {
			isa = PBXNativeTarget;
			buildConfigurationList = 1DE4E5D5270A5CD0004A30CA /* Build configuration list for PBXNativeTarget "fefuactivity" */;
			buildPhases = (
				1DE4E5BD270A5CCE004A30CA /* Sources */,
				1DE4E5BE270A5CCE004A30CA /* Frameworks */,
				1DE4E5BF270A5CCE004A30CA /* Resources */,
			);
			buildRules = (
			);
			dependencies = (
			);
			name = fefuactivity;
			productName = fefuactivity;
			productReference = 1DE4E5C1270A5CCE004A30CA /* fefuactivity.app */;
			productType = "com.apple.product-type.application";
		};
/* End PBXNativeTarget section */

/* Begin PBXProject section */
		1DE4E5B9270A5CCE004A30CA /* Project object */ = {
			isa = PBXProject;
			attributes = {
				LastSwiftUpdateCheck = 1250;
				LastUpgradeCheck = 1250;
				TargetAttributes = {
					1DE4E5C0270A5CCE004A30CA = {
						CreatedOnToolsVersion = 12.5;
					};
				};
			};
			buildConfigurationList = 1DE4E5BC270A5CCE004A30CA /* Build configuration list for PBXProject "fefuactivity" */;
			compatibilityVersion = "Xcode 9.3";
			developmentRegion = en;
			hasScannedForEncodings = 0;
			knownRegions = (
				en,
				Base,
			);
			mainGroup = 1DE4E5B8270A5CCE004A30CA;
			productRefGroup = 1DE4E5C2270A5CCE004A30CA /* Products */;
			projectDirPath = "";
			projectRoot = "";
			targets = (
				1DE4E5C0270A5CCE004A30CA /* fefuactivity */,
			);
		};
/* End PBXProject section */

/* Begin PBXResourcesBuildPhase section */
		1DE4E5BF270A5CCE004A30CA /* Resources */ = {
			isa = PBXResourcesBuildPhase;
			buildActionMask = 2147483647;
			files = (
				B4BEC0B2276761EE006BBAAB /* RegistrationController.xib in Resources */,
				B4BEC0D027678CF4006BBAAB /* ActivityTableViewCell.xib in Resources */,
				1DE4E5D1270A5CD0004A30CA /* LaunchScreen.storyboard in Resources */,
				B4BEC0DA27682DB8006BBAAB /* ActivityTrackingController.xib in Resources */,
				B4F1A02B2768E254006D8521 /* TypeCollectionViewCell.xib in Resources */,
				B4BEC0C6276774AF006BBAAB /* ActivityListController.xib in Resources */,
				B4BEC0CA276774BF006BBAAB /* ProfileController.xib in Resources */,
				B4BEC0D527679271006BBAAB /* ActivityDetailsController.xib in Resources */,
				1DE4E5CE270A5CD0004A30CA /* Assets.xcassets in Resources */,
				B4BEC0B827676230006BBAAB /* LoginController.xib in Resources */,
				1DE4E5CC270A5CCE004A30CA /* Main.storyboard in Resources */,
				B4BEC0C1276773FD006BBAAB /* TabsController.xib in Resources */,
			);
			runOnlyForDeploymentPostprocessing = 0;
		};
/* End PBXResourcesBuildPhase section */

/* Begin PBXSourcesBuildPhase section */
		1DE4E5BD270A5CCE004A30CA /* Sources */ = {
			isa = PBXSourcesBuildPhase;
			buildActionMask = 2147483647;
			files = (
				B4F1A0302768E882006D8521 /* CoreDataContainer.swift in Sources */,
				B4F1A02A2768E254006D8521 /* TypeCollectionViewCell.swift in Sources */,
				1DE4E5C9270A5CCE004A30CA /* ViewController.swift in Sources */,
				B4F1A0382768F5B3006D8521 /* Types.swift in Sources */,
				B4BEC0B727676230006BBAAB /* LoginController.swift in Sources */,
				B4F1A0262768E191006D8521 /* FinishButton.swift in Sources */,
				B4F1A03A2768F5F2006D8521 /* AuthService.swift in Sources */,
				1DE4E5C5270A5CCE004A30CA /* AppDelegate.swift in Sources */,
				B4F1A0322768E8A9006D8521 /* CDController.swift in Sources */,
				B4BEC0C5276774AF006BBAAB /* ActivityListController.swift in Sources */,
				B4BEC0CF27678CF4006BBAAB /* ActivityTableViewCell.swift in Sources */,
				B4BEC0BD27676798006BBAAB /* FormTextField.swift in Sources */,
				B4F1A0242768DFE2006D8521 /* PauseButton.swift in Sources */,
				B4BEC0C9276774BF006BBAAB /* ProfileController.swift in Sources */,
				B4BEC0AE27675CBE006BBAAB /* PrimaryButton.swift in Sources */,
				B4F1A0352768E8E9006D8521 /* fefuactivity.xcdatamodeld in Sources */,
				B4BEC0C0276773FD006BBAAB /* TabsController.swift in Sources */,
				B4BEC0D927682DB8006BBAAB /* ActivityTrackingController.swift in Sources */,
				B4BEC0D427679271006BBAAB /* ActivityDetailsController.swift in Sources */,
				B4BEC0B1276761EE006BBAAB /* RegistrationController.swift in Sources */,
				1DE4E5C7270A5CCE004A30CA /* SceneDelegate.swift in Sources */,
			);
			runOnlyForDeploymentPostprocessing = 0;
		};
/* End PBXSourcesBuildPhase section */

/* Begin PBXVariantGroup section */
		1DE4E5CA270A5CCE004A30CA /* Main.storyboard */ = {
			isa = PBXVariantGroup;
			children = (
				1DE4E5CB270A5CCE004A30CA /* Base */,
			);
			name = Main.storyboard;
			sourceTree = "<group>";
		};
		1DE4E5CF270A5CD0004A30CA /* LaunchScreen.storyboard */ = {
			isa = PBXVariantGroup;
			children = (
				1DE4E5D0270A5CD0004A30CA /* Base */,
			);
			name = LaunchScreen.storyboard;
			sourceTree = "<group>";
		};
/* End PBXVariantGroup section */

/* Begin XCBuildConfiguration section */
		1DE4E5D3270A5CD0004A30CA /* Debug */ = {
			isa = XCBuildConfiguration;
			buildSettings = {
				ALWAYS_SEARCH_USER_PATHS = NO;
				CLANG_ANALYZER_NONNULL = YES;
				CLANG_ANALYZER_NUMBER_OBJECT_CONVERSION = YES_AGGRESSIVE;
				CLANG_CXX_LANGUAGE_STANDARD = "gnu++14";
				CLANG_CXX_LIBRARY = "libc++";
				CLANG_ENABLE_MODULES = YES;
				CLANG_ENABLE_OBJC_ARC = YES;
				CLANG_ENABLE_OBJC_WEAK = YES;
				CLANG_WARN_BLOCK_CAPTURE_AUTORELEASING = YES;
				CLANG_WARN_BOOL_CONVERSION = YES;
				CLANG_WARN_COMMA = YES;
				CLANG_WARN_CONSTANT_CONVERSION = YES;
				CLANG_WARN_DEPRECATED_OBJC_IMPLEMENTATIONS = YES;
				CLANG_WARN_DIRECT_OBJC_ISA_USAGE = YES_ERROR;
				CLANG_WARN_DOCUMENTATION_COMMENTS = YES;
				CLANG_WARN_EMPTY_BODY = YES;
				CLANG_WARN_ENUM_CONVERSION = YES;
				CLANG_WARN_INFINITE_RECURSION = YES;
				CLANG_WARN_INT_CONVERSION = YES;
				CLANG_WARN_NON_LITERAL_NULL_CONVERSION = YES;
				CLANG_WARN_OBJC_IMPLICIT_RETAIN_SELF = YES;
				CLANG_WARN_OBJC_LITERAL_CONVERSION = YES;
				CLANG_WARN_OBJC_ROOT_CLASS = YES_ERROR;
				CLANG_WARN_QUOTED_INCLUDE_IN_FRAMEWORK_HEADER = YES;
				CLANG_WARN_RANGE_LOOP_ANALYSIS = YES;
				CLANG_WARN_STRICT_PROTOTYPES = YES;
				CLANG_WARN_SUSPICIOUS_MOVE = YES;
				CLANG_WARN_UNGUARDED_AVAILABILITY = YES_AGGRESSIVE;
				CLANG_WARN_UNREACHABLE_CODE = YES;
				CLANG_WARN__DUPLICATE_METHOD_MATCH = YES;
				COPY_PHASE_STRIP = NO;
				DEBUG_INFORMATION_FORMAT = dwarf;
				ENABLE_STRICT_OBJC_MSGSEND = YES;
				ENABLE_TESTABILITY = YES;
				GCC_C_LANGUAGE_STANDARD = gnu11;
				GCC_DYNAMIC_NO_PIC = NO;
				GCC_NO_COMMON_BLOCKS = YES;
				GCC_OPTIMIZATION_LEVEL = 0;
				GCC_PREPROCESSOR_DEFINITIONS = (
					"DEBUG=1",
					"$(inherited)",
				);
				GCC_WARN_64_TO_32_BIT_CONVERSION = YES;
				GCC_WARN_ABOUT_RETURN_TYPE = YES_ERROR;
				GCC_WARN_UNDECLARED_SELECTOR = YES;
				GCC_WARN_UNINITIALIZED_AUTOS = YES_AGGRESSIVE;
				GCC_WARN_UNUSED_FUNCTION = YES;
				GCC_WARN_UNUSED_VARIABLE = YES;
				IPHONEOS_DEPLOYMENT_TARGET = 14.5;
				MTL_ENABLE_DEBUG_INFO = INCLUDE_SOURCE;
				MTL_FAST_MATH = YES;
				ONLY_ACTIVE_ARCH = YES;
				SDKROOT = iphoneos;
				SWIFT_ACTIVE_COMPILATION_CONDITIONS = DEBUG;
				SWIFT_OPTIMIZATION_LEVEL = "-Onone";
			};
			name = Debug;
		};
		1DE4E5D4270A5CD0004A30CA /* Release */ = {
			isa = XCBuildConfiguration;
			buildSettings = {
				ALWAYS_SEARCH_USER_PATHS = NO;
				CLANG_ANALYZER_NONNULL = YES;
				CLANG_ANALYZER_NUMBER_OBJECT_CONVERSION = YES_AGGRESSIVE;
				CLANG_CXX_LANGUAGE_STANDARD = "gnu++14";
				CLANG_CXX_LIBRARY = "libc++";
				CLANG_ENABLE_MODULES = YES;
				CLANG_ENABLE_OBJC_ARC = YES;
				CLANG_ENABLE_OBJC_WEAK = YES;
				CLANG_WARN_BLOCK_CAPTURE_AUTORELEASING = YES;
				CLANG_WARN_BOOL_CONVERSION = YES;
				CLANG_WARN_COMMA = YES;
				CLANG_WARN_CONSTANT_CONVERSION = YES;
				CLANG_WARN_DEPRECATED_OBJC_IMPLEMENTATIONS = YES;
				CLANG_WARN_DIRECT_OBJC_ISA_USAGE = YES_ERROR;
				CLANG_WARN_DOCUMENTATION_COMMENTS = YES;
				CLANG_WARN_EMPTY_BODY = YES;
				CLANG_WARN_ENUM_CONVERSION = YES;
				CLANG_WARN_INFINITE_RECURSION = YES;
				CLANG_WARN_INT_CONVERSION = YES;
				CLANG_WARN_NON_LITERAL_NULL_CONVERSION = YES;
				CLANG_WARN_OBJC_IMPLICIT_RETAIN_SELF = YES;
				CLANG_WARN_OBJC_LITERAL_CONVERSION = YES;
				CLANG_WARN_OBJC_ROOT_CLASS = YES_ERROR;
				CLANG_WARN_QUOTED_INCLUDE_IN_FRAMEWORK_HEADER = YES;
				CLANG_WARN_RANGE_LOOP_ANALYSIS = YES;
				CLANG_WARN_STRICT_PROTOTYPES = YES;
				CLANG_WARN_SUSPICIOUS_MOVE = YES;
				CLANG_WARN_UNGUARDED_AVAILABILITY = YES_AGGRESSIVE;
				CLANG_WARN_UNREACHABLE_CODE = YES;
				CLANG_WARN__DUPLICATE_METHOD_MATCH = YES;
				COPY_PHASE_STRIP = NO;
				DEBUG_INFORMATION_FORMAT = "dwarf-with-dsym";
				ENABLE_NS_ASSERTIONS = NO;
				ENABLE_STRICT_OBJC_MSGSEND = YES;
				GCC_C_LANGUAGE_STANDARD = gnu11;
				GCC_NO_COMMON_BLOCKS = YES;
				GCC_WARN_64_TO_32_BIT_CONVERSION = YES;
				GCC_WARN_ABOUT_RETURN_TYPE = YES_ERROR;
				GCC_WARN_UNDECLARED_SELECTOR = YES;
				GCC_WARN_UNINITIALIZED_AUTOS = YES_AGGRESSIVE;
				GCC_WARN_UNUSED_FUNCTION = YES;
				GCC_WARN_UNUSED_VARIABLE = YES;
				IPHONEOS_DEPLOYMENT_TARGET = 14.5;
				MTL_ENABLE_DEBUG_INFO = NO;
				MTL_FAST_MATH = YES;
				SDKROOT = iphoneos;
				SWIFT_COMPILATION_MODE = wholemodule;
				SWIFT_OPTIMIZATION_LEVEL = "-O";
				VALIDATE_PRODUCT = YES;
			};
			name = Release;
		};
		1DE4E5D6270A5CD0004A30CA /* Debug */ = {
			isa = XCBuildConfiguration;
			buildSettings = {
				ASSETCATALOG_COMPILER_APPICON_NAME = AppIcon;
				ASSETCATALOG_COMPILER_GLOBAL_ACCENT_COLOR_NAME = AccentColor;
				CODE_SIGN_STYLE = Automatic;
				DEVELOPMENT_TEAM = "";
				INFOPLIST_FILE = fefuactivity/Info.plist;
				IPHONEOS_DEPLOYMENT_TARGET = 13.0;
				LD_RUNPATH_SEARCH_PATHS = (
					"$(inherited)",
					"@executable_path/Frameworks",
				);
				PRODUCT_BUNDLE_IDENTIFIER = "io.fefu.crowly-ing";
				PRODUCT_NAME = "$(TARGET_NAME)";
				SWIFT_VERSION = 5.0;
				TARGETED_DEVICE_FAMILY = 1;
			};
			name = Debug;
		};
		1DE4E5D7270A5CD0004A30CA /* Release */ = {
			isa = XCBuildConfiguration;
			buildSettings = {
				ASSETCATALOG_COMPILER_APPICON_NAME = AppIcon;
				ASSETCATALOG_COMPILER_GLOBAL_ACCENT_COLOR_NAME = AccentColor;
				CODE_SIGN_STYLE = Automatic;
				DEVELOPMENT_TEAM = "";
				INFOPLIST_FILE = fefuactivity/Info.plist;
				IPHONEOS_DEPLOYMENT_TARGET = 13.0;
				LD_RUNPATH_SEARCH_PATHS = (
					"$(inherited)",
					"@executable_path/Frameworks",
				);
				PRODUCT_BUNDLE_IDENTIFIER = "io.fefu.crowly-ing";
				PRODUCT_NAME = "$(TARGET_NAME)";
				SWIFT_VERSION = 5.0;
				TARGETED_DEVICE_FAMILY = 1;
			};
			name = Release;
		};
/* End XCBuildConfiguration section */

/* Begin XCConfigurationList section */
		1DE4E5BC270A5CCE004A30CA /* Build configuration list for PBXProject "fefuactivity" */ = {
			isa = XCConfigurationList;
			buildConfigurations = (
				1DE4E5D3270A5CD0004A30CA /* Debug */,
				1DE4E5D4270A5CD0004A30CA /* Release */,
			);
			defaultConfigurationIsVisible = 0;
			defaultConfigurationName = Release;
		};
		1DE4E5D5270A5CD0004A30CA /* Build configuration list for PBXNativeTarget "fefuactivity" */ = {
			isa = XCConfigurationList;
			buildConfigurations = (
				1DE4E5D6270A5CD0004A30CA /* Debug */,
				1DE4E5D7270A5CD0004A30CA /* Release */,
			);
			defaultConfigurationIsVisible = 0;
			defaultConfigurationName = Release;
		};
/* End XCConfigurationList section */

/* Begin XCVersionGroup section */
		B4F1A0332768E8E9006D8521 /* fefuactivity.xcdatamodeld */ = {
			isa = XCVersionGroup;
			children = (
				B4F1A0342768E8E9006D8521 /* fefuactivity.xcdatamodel */,
			);
			currentVersion = B4F1A0342768E8E9006D8521 /* fefuactivity.xcdatamodel */;
			path = fefuactivity.xcdatamodeld;
			sourceTree = "<group>";
			versionGroupType = wrapper.xcdatamodel;
		};
/* End XCVersionGroup section */
	};
	rootObject = 1DE4E5B9270A5CCE004A30CA /* Project object */;
}
