// !$*UTF8*$!
{
	archiveVersion = 1;
	classes = {
	};
	objectVersion = 50;
	objects = {

/* Begin PBXBuildFile section */
		1D98C04E272EE2DC002A4ED8 /* ProfileController.swift in Sources */ = {isa = PBXBuildFile; fileRef = 1D98C04D272EE2DC002A4ED8 /* ProfileController.swift */; };
		1D98C050272F0327002A4ED8 /* ActivityDetailsController.swift in Sources */ = {isa = PBXBuildFile; fileRef = 1D98C04F272F0327002A4ED8 /* ActivityDetailsController.swift */; };
		1D98C0582731492E002A4ED8 /* GenderChoice.swift in Sources */ = {isa = PBXBuildFile; fileRef = 1D98C0572731492E002A4ED8 /* GenderChoice.swift */; };
		1DE4E5C5270A5CCE004A30CA /* AppDelegate.swift in Sources */ = {isa = PBXBuildFile; fileRef = 1DE4E5C4270A5CCE004A30CA /* AppDelegate.swift */; };
		1DE4E5C7270A5CCE004A30CA /* SceneDelegate.swift in Sources */ = {isa = PBXBuildFile; fileRef = 1DE4E5C6270A5CCE004A30CA /* SceneDelegate.swift */; };
		1DE4E5C9270A5CCE004A30CA /* ViewController.swift in Sources */ = {isa = PBXBuildFile; fileRef = 1DE4E5C8270A5CCE004A30CA /* ViewController.swift */; };
		1DE4E5CE270A5CD0004A30CA /* Assets.xcassets in Resources */ = {isa = PBXBuildFile; fileRef = 1DE4E5CD270A5CD0004A30CA /* Assets.xcassets */; };
		1DE4E5D1270A5CD0004A30CA /* LaunchScreen.storyboard in Resources */ = {isa = PBXBuildFile; fileRef = 1DE4E5CF270A5CD0004A30CA /* LaunchScreen.storyboard */; };
		1E207EFA2747A3AA00C9BD79 /* StartActivityController.swift in Sources */ = {isa = PBXBuildFile; fileRef = 1E207EF92747A3AA00C9BD79 /* StartActivityController.swift */; };
		1E207EFD2747B03E00C9BD79 /* fefuactivity.xcdatamodeld in Sources */ = {isa = PBXBuildFile; fileRef = 1E207EFB2747B03E00C9BD79 /* fefuactivity.xcdatamodeld */; };
		1E207EFF2747B19600C9BD79 /* FEFUCoreDataContainer.swift in Sources */ = {isa = PBXBuildFile; fileRef = 1E207EFE2747B19600C9BD79 /* FEFUCoreDataContainer.swift */; };
		1E207F022747CDA700C9BD79 /* CDActivity+CoreDataClass.swift in Sources */ = {isa = PBXBuildFile; fileRef = 1E207F002747CDA700C9BD79 /* CDActivity+CoreDataClass.swift */; };
		1E207F032747CDA700C9BD79 /* CDActivity+CoreDataProperties.swift in Sources */ = {isa = PBXBuildFile; fileRef = 1E207F012747CDA700C9BD79 /* CDActivity+CoreDataProperties.swift */; };
		1E8E876C272C2CBF008177A9 /* ActivityController.swift in Sources */ = {isa = PBXBuildFile; fileRef = 1E8E876B272C2CBF008177A9 /* ActivityController.swift */; };
		1E8E8771272CE897008177A9 /* ActivityTableCellController.swift in Sources */ = {isa = PBXBuildFile; fileRef = 1E8E876F272CE897008177A9 /* ActivityTableCellController.swift */; };
		CF04658E27A4BF380094D8EE /* SignUpController.swift in Sources */ = {isa = PBXBuildFile; fileRef = CF04658C27A4BF380094D8EE /* SignUpController.swift */; };
		CF04658F27A4BF380094D8EE /* SignUpController.xib in Resources */ = {isa = PBXBuildFile; fileRef = CF04658D27A4BF380094D8EE /* SignUpController.xib */; };
		CF04659227A4CBA30094D8EE /* SignInController.swift in Sources */ = {isa = PBXBuildFile; fileRef = CF04659027A4CBA30094D8EE /* SignInController.swift */; };
		CF04659327A4CBA30094D8EE /* SignInController.xib in Resources */ = {isa = PBXBuildFile; fileRef = CF04659127A4CBA30094D8EE /* SignInController.xib */; };
		CF04659527A4D43D0094D8EE /* Date.swift in Sources */ = {isa = PBXBuildFile; fileRef = CF04659427A4D43D0094D8EE /* Date.swift */; };
		CF04659B27A4FBB60094D8EE /* Sign.swift in Sources */ = {isa = PBXBuildFile; fileRef = CF04659A27A4FBB60094D8EE /* Sign.swift */; };
		CF04659D27A4FD6C0094D8EE /* Activities.swift in Sources */ = {isa = PBXBuildFile; fileRef = CF04659C27A4FD6C0094D8EE /* Activities.swift */; };
		CF04659F27A4FE690094D8EE /* Client.swift in Sources */ = {isa = PBXBuildFile; fileRef = CF04659E27A4FE690094D8EE /* Client.swift */; };
		D906DE6D278ECF2F001FCB08 /* ChangePasswordController.swift in Sources */ = {isa = PBXBuildFile; fileRef = D906DE6C278ECF2F001FCB08 /* ChangePasswordController.swift */; };
		D9B9CB57278C2E6C0083CB5B /* End.storyboard in Resources */ = {isa = PBXBuildFile; fileRef = D9B9CB56278C2E6C0083CB5B /* End.storyboard */; };
		D9B9CB60278C31350083CB5B /* Main.storyboard in Resources */ = {isa = PBXBuildFile; fileRef = D9B9CB5E278C31350083CB5B /* Main.storyboard */; };
		D9B9CB7B278C3F280083CB5B /* Models.swift in Sources */ = {isa = PBXBuildFile; fileRef = D9B9CB7A278C3F280083CB5B /* Models.swift */; };
		D9B9CB84278C3FC00083CB5B /* API.swift in Sources */ = {isa = PBXBuildFile; fileRef = D9B9CB81278C3FC00083CB5B /* API.swift */; };
		D9B9CBAF278DE0250083CB5B /* ActivityTypesCollectionCellController.swift in Sources */ = {isa = PBXBuildFile; fileRef = D9B9CBAE278DE0250083CB5B /* ActivityTypesCollectionCellController.swift */; };
		D9BC66C42795ED30009DA7A8 /* TimeInterval.swift in Sources */ = {isa = PBXBuildFile; fileRef = D9BC66C32795ED30009DA7A8 /* TimeInterval.swift */; };
/* End PBXBuildFile section */

/* Begin PBXFileReference section */
		1D98C04D272EE2DC002A4ED8 /* ProfileController.swift */ = {isa = PBXFileReference; lastKnownFileType = sourcecode.swift; path = ProfileController.swift; sourceTree = "<group>"; };
		1D98C04F272F0327002A4ED8 /* ActivityDetailsController.swift */ = {isa = PBXFileReference; lastKnownFileType = sourcecode.swift; path = ActivityDetailsController.swift; sourceTree = "<group>"; };
		1D98C0572731492E002A4ED8 /* GenderChoice.swift */ = {isa = PBXFileReference; lastKnownFileType = sourcecode.swift; path = GenderChoice.swift; sourceTree = "<group>"; };
		1DE4E5C1270A5CCE004A30CA /* fefuactivity.app */ = {isa = PBXFileReference; explicitFileType = wrapper.application; includeInIndex = 0; path = fefuactivity.app; sourceTree = BUILT_PRODUCTS_DIR; };
		1DE4E5C4270A5CCE004A30CA /* AppDelegate.swift */ = {isa = PBXFileReference; lastKnownFileType = sourcecode.swift; path = AppDelegate.swift; sourceTree = "<group>"; };
		1DE4E5C6270A5CCE004A30CA /* SceneDelegate.swift */ = {isa = PBXFileReference; lastKnownFileType = sourcecode.swift; path = SceneDelegate.swift; sourceTree = "<group>"; };
		1DE4E5C8270A5CCE004A30CA /* ViewController.swift */ = {isa = PBXFileReference; lastKnownFileType = sourcecode.swift; path = ViewController.swift; sourceTree = "<group>"; };
		1DE4E5CD270A5CD0004A30CA /* Assets.xcassets */ = {isa = PBXFileReference; lastKnownFileType = folder.assetcatalog; path = Assets.xcassets; sourceTree = "<group>"; };
		1DE4E5D0270A5CD0004A30CA /* Base */ = {isa = PBXFileReference; lastKnownFileType = file.storyboard; name = Base; path = Base.lproj/LaunchScreen.storyboard; sourceTree = "<group>"; };
		1DE4E5D2270A5CD0004A30CA /* Info.plist */ = {isa = PBXFileReference; lastKnownFileType = text.plist.xml; path = Info.plist; sourceTree = "<group>"; };
		1E207EF92747A3AA00C9BD79 /* StartActivityController.swift */ = {isa = PBXFileReference; lastKnownFileType = sourcecode.swift; path = StartActivityController.swift; sourceTree = "<group>"; };
		1E207EFC2747B03E00C9BD79 /* fefuactivity.xcdatamodel */ = {isa = PBXFileReference; lastKnownFileType = wrapper.xcdatamodel; path = fefuactivity.xcdatamodel; sourceTree = "<group>"; };
		1E207EFE2747B19600C9BD79 /* FEFUCoreDataContainer.swift */ = {isa = PBXFileReference; lastKnownFileType = sourcecode.swift; path = FEFUCoreDataContainer.swift; sourceTree = "<group>"; };
		1E207F002747CDA700C9BD79 /* CDActivity+CoreDataClass.swift */ = {isa = PBXFileReference; lastKnownFileType = sourcecode.swift; path = "CDActivity+CoreDataClass.swift"; sourceTree = "<group>"; };
		1E207F012747CDA700C9BD79 /* CDActivity+CoreDataProperties.swift */ = {isa = PBXFileReference; lastKnownFileType = sourcecode.swift; path = "CDActivity+CoreDataProperties.swift"; sourceTree = "<group>"; };
		1E8E876B272C2CBF008177A9 /* ActivityController.swift */ = {isa = PBXFileReference; lastKnownFileType = sourcecode.swift; path = ActivityController.swift; sourceTree = "<group>"; };
		1E8E876F272CE897008177A9 /* ActivityTableCellController.swift */ = {isa = PBXFileReference; lastKnownFileType = sourcecode.swift; path = ActivityTableCellController.swift; sourceTree = "<group>"; };
		CF04658C27A4BF380094D8EE /* SignUpController.swift */ = {isa = PBXFileReference; lastKnownFileType = sourcecode.swift; path = SignUpController.swift; sourceTree = "<group>"; };
		CF04658D27A4BF380094D8EE /* SignUpController.xib */ = {isa = PBXFileReference; lastKnownFileType = file.xib; path = SignUpController.xib; sourceTree = "<group>"; };
		CF04659027A4CBA30094D8EE /* SignInController.swift */ = {isa = PBXFileReference; lastKnownFileType = sourcecode.swift; path = SignInController.swift; sourceTree = "<group>"; };
		CF04659127A4CBA30094D8EE /* SignInController.xib */ = {isa = PBXFileReference; lastKnownFileType = file.xib; path = SignInController.xib; sourceTree = "<group>"; };
		CF04659427A4D43D0094D8EE /* Date.swift */ = {isa = PBXFileReference; lastKnownFileType = sourcecode.swift; path = Date.swift; sourceTree = "<group>"; };
		CF04659A27A4FBB60094D8EE /* Sign.swift */ = {isa = PBXFileReference; lastKnownFileType = sourcecode.swift; path = Sign.swift; sourceTree = "<group>"; };
		CF04659C27A4FD6C0094D8EE /* Activities.swift */ = {isa = PBXFileReference; lastKnownFileType = sourcecode.swift; path = Activities.swift; sourceTree = "<group>"; };
		CF04659E27A4FE690094D8EE /* Client.swift */ = {isa = PBXFileReference; lastKnownFileType = sourcecode.swift; path = Client.swift; sourceTree = "<group>"; };
		D906DE6C278ECF2F001FCB08 /* ChangePasswordController.swift */ = {isa = PBXFileReference; lastKnownFileType = sourcecode.swift; path = ChangePasswordController.swift; sourceTree = "<group>"; };
		D9B9CB56278C2E6C0083CB5B /* End.storyboard */ = {isa = PBXFileReference; lastKnownFileType = file.storyboard; path = End.storyboard; sourceTree = "<group>"; };
		D9B9CB5F278C31350083CB5B /* Base */ = {isa = PBXFileReference; lastKnownFileType = file.storyboard; name = Base; path = Base.lproj/Main.storyboard; sourceTree = "<group>"; };
		D9B9CB7A278C3F280083CB5B /* Models.swift */ = {isa = PBXFileReference; lastKnownFileType = sourcecode.swift; path = Models.swift; sourceTree = "<group>"; };
		D9B9CB81278C3FC00083CB5B /* API.swift */ = {isa = PBXFileReference; fileEncoding = 4; lastKnownFileType = sourcecode.swift; path = API.swift; sourceTree = "<group>"; };
		D9B9CBAE278DE0250083CB5B /* ActivityTypesCollectionCellController.swift */ = {isa = PBXFileReference; lastKnownFileType = sourcecode.swift; path = ActivityTypesCollectionCellController.swift; sourceTree = "<group>"; };
		D9BC66C32795ED30009DA7A8 /* TimeInterval.swift */ = {isa = PBXFileReference; lastKnownFileType = sourcecode.swift; path = TimeInterval.swift; sourceTree = "<group>"; };
/* End PBXFileReference section */

/* Begin PBXFrameworksBuildPhase section */
		1DE4E5BE270A5CCE004A30CA /* Frameworks */ = {
			isa = PBXFrameworksBuildPhase;
			buildActionMask = 2147483647;
			files = (
			);
			runOnlyForDeploymentPostprocessing = 0;
		};
/* End PBXFrameworksBuildPhase section */

/* Begin PBXGroup section */
		1DE4E5B8270A5CCE004A30CA = {
			isa = PBXGroup;
			children = (
				1DE4E5C3270A5CCE004A30CA /* fefuactivity */,
				1DE4E5C2270A5CCE004A30CA /* Products */,
			);
			sourceTree = "<group>";
		};
		1DE4E5C2270A5CCE004A30CA /* Products */ = {
			isa = PBXGroup;
			children = (
				1DE4E5C1270A5CCE004A30CA /* fefuactivity.app */,
			);
			name = Products;
			sourceTree = "<group>";
		};
		1DE4E5C3270A5CCE004A30CA /* fefuactivity */ = {
			isa = PBXGroup;
			children = (
				1DE4E5C4270A5CCE004A30CA /* AppDelegate.swift */,
				1DE4E5C6270A5CCE004A30CA /* SceneDelegate.swift */,
				1D98C0572731492E002A4ED8 /* GenderChoice.swift */,
				1DE4E5CF270A5CD0004A30CA /* LaunchScreen.storyboard */,
				D9B9CB56278C2E6C0083CB5B /* End.storyboard */,
				D9B9CB5E278C31350083CB5B /* Main.storyboard */,
				1DE4E5C8270A5CCE004A30CA /* ViewController.swift */,
				1E207F0B2747EB9000C9BD79 /* Extensions */,
				D9B9CB8C278D60CE0083CB5B /* Activity */,
				D9B9CB8D278D60D60083CB5B /* Profile */,
				D9B9CB8E278D60DE0083CB5B /* Auth */,
				1E207F042747CDCA00C9BD79 /* CoreData+Helpers */,
				D9B9CB5D278C30200083CB5B /* API */,
				1E207EFB2747B03E00C9BD79 /* fefuactivity.xcdatamodeld */,
				1DE4E5CD270A5CD0004A30CA /* Assets.xcassets */,
				1DE4E5D2270A5CD0004A30CA /* Info.plist */,
			);
			path = fefuactivity;
			sourceTree = "<group>";
		};
		1E207F042747CDCA00C9BD79 /* CoreData+Helpers */ = {
			isa = PBXGroup;
			children = (
				1E207F052747CE0900C9BD79 /* CDActivity */,
				1E207EFE2747B19600C9BD79 /* FEFUCoreDataContainer.swift */,
			);
			path = "CoreData+Helpers";
			sourceTree = "<group>";
		};
		1E207F052747CE0900C9BD79 /* CDActivity */ = {
			isa = PBXGroup;
			children = (
				1E207F002747CDA700C9BD79 /* CDActivity+CoreDataClass.swift */,
				1E207F012747CDA700C9BD79 /* CDActivity+CoreDataProperties.swift */,
			);
			path = CDActivity;
			sourceTree = "<group>";
		};
		1E207F0B2747EB9000C9BD79 /* Extensions */ = {
			isa = PBXGroup;
			children = (
				D9BC66C32795ED30009DA7A8 /* TimeInterval.swift */,
				CF04659427A4D43D0094D8EE /* Date.swift */,
			);
			path = Extensions;
			sourceTree = "<group>";
		};
		D9B9CB5D278C30200083CB5B /* API */ = {
			isa = PBXGroup;
			children = (
				D9B9CB81278C3FC00083CB5B /* API.swift */,
				CF04659A27A4FBB60094D8EE /* Sign.swift */,
				CF04659C27A4FD6C0094D8EE /* Activities.swift */,
				D9B9CB7A278C3F280083CB5B /* Models.swift */,
				CF04659E27A4FE690094D8EE /* Client.swift */,
			);
			path = API;
			sourceTree = "<group>";
		};
		D9B9CB8C278D60CE0083CB5B /* Activity */ = {
			isa = PBXGroup;
			children = (
				D9B9CBAE278DE0250083CB5B /* ActivityTypesCollectionCellController.swift */,
				1E8E876F272CE897008177A9 /* ActivityTableCellController.swift */,
				1D98C04F272F0327002A4ED8 /* ActivityDetailsController.swift */,
				1E8E876B272C2CBF008177A9 /* ActivityController.swift */,
				1E207EF92747A3AA00C9BD79 /* StartActivityController.swift */,
			);
			path = Activity;
			sourceTree = "<group>";
		};
		D9B9CB8D278D60D60083CB5B /* Profile */ = {
			isa = PBXGroup;
			children = (
				1D98C04D272EE2DC002A4ED8 /* ProfileController.swift */,
				D906DE6C278ECF2F001FCB08 /* ChangePasswordController.swift */,
			);
			path = Profile;
			sourceTree = "<group>";
		};
		D9B9CB8E278D60DE0083CB5B /* Auth */ = {
			isa = PBXGroup;
			children = (
				CF04658C27A4BF380094D8EE /* SignUpController.swift */,
				CF04658D27A4BF380094D8EE /* SignUpController.xib */,
				CF04659027A4CBA30094D8EE /* SignInController.swift */,
				CF04659127A4CBA30094D8EE /* SignInController.xib */,
			);
			path = Auth;
			sourceTree = "<group>";
		};
/* End PBXGroup section */

/* Begin PBXNativeTarget section */
		1DE4E5C0270A5CCE004A30CA /* fefuactivity */ = {
			isa = PBXNativeTarget;
			buildConfigurationList = 1DE4E5D5270A5CD0004A30CA /* Build configuration list for PBXNativeTarget "fefuactivity" */;
			buildPhases = (
				1DE4E5BD270A5CCE004A30CA /* Sources */,
				1DE4E5BE270A5CCE004A30CA /* Frameworks */,
				1DE4E5BF270A5CCE004A30CA /* Resources */,
			);
			buildRules = (
			);
			dependencies = (
			);
			name = fefuactivity;
			productName = fefuactivity;
			productReference = 1DE4E5C1270A5CCE004A30CA /* fefuactivity.app */;
			productType = "com.apple.product-type.application";
		};
/* End PBXNativeTarget section */

/* Begin PBXProject section */
		1DE4E5B9270A5CCE004A30CA /* Project object */ = {
			isa = PBXProject;
			attributes = {
				LastSwiftUpdateCheck = 1250;
				LastUpgradeCheck = 1250;
				TargetAttributes = {
					1DE4E5C0270A5CCE004A30CA = {
						CreatedOnToolsVersion = 12.5;
					};
				};
			};
			buildConfigurationList = 1DE4E5BC270A5CCE004A30CA /* Build configuration list for PBXProject "fefuactivity" */;
			compatibilityVersion = "Xcode 9.3";
			developmentRegion = en;
			hasScannedForEncodings = 0;
			knownRegions = (
				en,
				Base,
			);
			mainGroup = 1DE4E5B8270A5CCE004A30CA;
			productRefGroup = 1DE4E5C2270A5CCE004A30CA /* Products */;
			projectDirPath = "";
			projectRoot = "";
			targets = (
				1DE4E5C0270A5CCE004A30CA /* fefuactivity */,
			);
		};
/* End PBXProject section */

/* Begin PBXResourcesBuildPhase section */
		1DE4E5BF270A5CCE004A30CA /* Resources */ = {
			isa = PBXResourcesBuildPhase;
			buildActionMask = 2147483647;
			files = (
				1DE4E5D1270A5CD0004A30CA /* LaunchScreen.storyboard in Resources */,
				1DE4E5CE270A5CD0004A30CA /* Assets.xcassets in Resources */,
				D9B9CB60278C31350083CB5B /* Main.storyboard in Resources */,
				D9B9CB57278C2E6C0083CB5B /* End.storyboard in Resources */,
				CF04658F27A4BF380094D8EE /* SignUpController.xib in Resources */,
				CF04659327A4CBA30094D8EE /* SignInController.xib in Resources */,
			);
			runOnlyForDeploymentPostprocessing = 0;
		};
/* End PBXResourcesBuildPhase section */

/* Begin PBXSourcesBuildPhase section */
		1DE4E5BD270A5CCE004A30CA /* Sources */ = {
			isa = PBXSourcesBuildPhase;
			buildActionMask = 2147483647;
			files = (
				1E207EFA2747A3AA00C9BD79 /* StartActivityController.swift in Sources */,
				1E207EFF2747B19600C9BD79 /* FEFUCoreDataContainer.swift in Sources */,
				D9B9CB7B278C3F280083CB5B /* Models.swift in Sources */,
				D9B9CB84278C3FC00083CB5B /* API.swift in Sources */,
				CF04659B27A4FBB60094D8EE /* Sign.swift in Sources */,
				1E8E876C272C2CBF008177A9 /* ActivityController.swift in Sources */,
				1E207F032747CDA700C9BD79 /* CDActivity+CoreDataProperties.swift in Sources */,
				1E8E8771272CE897008177A9 /* ActivityTableCellController.swift in Sources */,
				1D98C050272F0327002A4ED8 /* ActivityDetailsController.swift in Sources */,
				1DE4E5C9270A5CCE004A30CA /* ViewController.swift in Sources */,
				1DE4E5C5270A5CCE004A30CA /* AppDelegate.swift in Sources */,
				CF04658E27A4BF380094D8EE /* SignUpController.swift in Sources */,
				1E207F022747CDA700C9BD79 /* CDActivity+CoreDataClass.swift in Sources */,
				CF04659F27A4FE690094D8EE /* Client.swift in Sources */,
				1DE4E5C7270A5CCE004A30CA /* SceneDelegate.swift in Sources */,
				D906DE6D278ECF2F001FCB08 /* ChangePasswordController.swift in Sources */,
				CF04659D27A4FD6C0094D8EE /* Activities.swift in Sources */,
				1E207EFD2747B03E00C9BD79 /* fefuactivity.xcdatamodeld in Sources */,
				D9BC66C42795ED30009DA7A8 /* TimeInterval.swift in Sources */,
				CF04659527A4D43D0094D8EE /* Date.swift in Sources */,
				D9B9CBAF278DE0250083CB5B /* ActivityTypesCollectionCellController.swift in Sources */,
				CF04659227A4CBA30094D8EE /* SignInController.swift in Sources */,
				1D98C04E272EE2DC002A4ED8 /* ProfileController.swift in Sources */,
				1D98C0582731492E002A4ED8 /* GenderChoice.swift in Sources */,
			);
			runOnlyForDeploymentPostprocessing = 0;
		};
/* End PBXSourcesBuildPhase section */

/* Begin PBXVariantGroup section */
		1DE4E5CF270A5CD0004A30CA /* LaunchScreen.storyboard */ = {
			isa = PBXVariantGroup;
			children = (
				1DE4E5D0270A5CD0004A30CA /* Base */,
			);
			name = LaunchScreen.storyboard;
			sourceTree = "<group>";
		};
		D9B9CB5E278C31350083CB5B /* Main.storyboard */ = {
			isa = PBXVariantGroup;
			children = (
				D9B9CB5F278C31350083CB5B /* Base */,
			);
			name = Main.storyboard;
			sourceTree = "<group>";
		};
/* End PBXVariantGroup section */

/* Begin XCBuildConfiguration section */
		1DE4E5D3270A5CD0004A30CA /* Debug */ = {
			isa = XCBuildConfiguration;
			buildSettings = {
				ALWAYS_SEARCH_USER_PATHS = NO;
				CLANG_ANALYZER_NONNULL = YES;
				CLANG_ANALYZER_NUMBER_OBJECT_CONVERSION = YES_AGGRESSIVE;
				CLANG_CXX_LANGUAGE_STANDARD = "gnu++14";
				CLANG_CXX_LIBRARY = "libc++";
				CLANG_ENABLE_MODULES = YES;
				CLANG_ENABLE_OBJC_ARC = YES;
				CLANG_ENABLE_OBJC_WEAK = YES;
				CLANG_WARN_BLOCK_CAPTURE_AUTORELEASING = YES;
				CLANG_WARN_BOOL_CONVERSION = YES;
				CLANG_WARN_COMMA = YES;
				CLANG_WARN_CONSTANT_CONVERSION = YES;
				CLANG_WARN_DEPRECATED_OBJC_IMPLEMENTATIONS = YES;
				CLANG_WARN_DIRECT_OBJC_ISA_USAGE = YES_ERROR;
				CLANG_WARN_DOCUMENTATION_COMMENTS = YES;
				CLANG_WARN_EMPTY_BODY = YES;
				CLANG_WARN_ENUM_CONVERSION = YES;
				CLANG_WARN_INFINITE_RECURSION = YES;
				CLANG_WARN_INT_CONVERSION = YES;
				CLANG_WARN_NON_LITERAL_NULL_CONVERSION = YES;
				CLANG_WARN_OBJC_IMPLICIT_RETAIN_SELF = YES;
				CLANG_WARN_OBJC_LITERAL_CONVERSION = YES;
				CLANG_WARN_OBJC_ROOT_CLASS = YES_ERROR;
				CLANG_WARN_QUOTED_INCLUDE_IN_FRAMEWORK_HEADER = YES;
				CLANG_WARN_RANGE_LOOP_ANALYSIS = YES;
				CLANG_WARN_STRICT_PROTOTYPES = YES;
				CLANG_WARN_SUSPICIOUS_MOVE = YES;
				CLANG_WARN_UNGUARDED_AVAILABILITY = YES_AGGRESSIVE;
				CLANG_WARN_UNREACHABLE_CODE = YES;
				CLANG_WARN__DUPLICATE_METHOD_MATCH = YES;
				COPY_PHASE_STRIP = NO;
				DEBUG_INFORMATION_FORMAT = dwarf;
				ENABLE_STRICT_OBJC_MSGSEND = YES;
				ENABLE_TESTABILITY = YES;
				GCC_C_LANGUAGE_STANDARD = gnu11;
				GCC_DYNAMIC_NO_PIC = NO;
				GCC_NO_COMMON_BLOCKS = YES;
				GCC_OPTIMIZATION_LEVEL = 0;
				GCC_PREPROCESSOR_DEFINITIONS = (
					"DEBUG=1",
					"$(inherited)",
				);
				GCC_WARN_64_TO_32_BIT_CONVERSION = YES;
				GCC_WARN_ABOUT_RETURN_TYPE = YES_ERROR;
				GCC_WARN_UNDECLARED_SELECTOR = YES;
				GCC_WARN_UNINITIALIZED_AUTOS = YES_AGGRESSIVE;
				GCC_WARN_UNUSED_FUNCTION = YES;
				GCC_WARN_UNUSED_VARIABLE = YES;
				IPHONEOS_DEPLOYMENT_TARGET = 14.5;
				MTL_ENABLE_DEBUG_INFO = INCLUDE_SOURCE;
				MTL_FAST_MATH = YES;
				ONLY_ACTIVE_ARCH = YES;
				SDKROOT = iphoneos;
				SWIFT_ACTIVE_COMPILATION_CONDITIONS = DEBUG;
				SWIFT_OPTIMIZATION_LEVEL = "-Onone";
			};
			name = Debug;
		};
		1DE4E5D4270A5CD0004A30CA /* Release */ = {
			isa = XCBuildConfiguration;
			buildSettings = {
				ALWAYS_SEARCH_USER_PATHS = NO;
				CLANG_ANALYZER_NONNULL = YES;
				CLANG_ANALYZER_NUMBER_OBJECT_CONVERSION = YES_AGGRESSIVE;
				CLANG_CXX_LANGUAGE_STANDARD = "gnu++14";
				CLANG_CXX_LIBRARY = "libc++";
				CLANG_ENABLE_MODULES = YES;
				CLANG_ENABLE_OBJC_ARC = YES;
				CLANG_ENABLE_OBJC_WEAK = YES;
				CLANG_WARN_BLOCK_CAPTURE_AUTORELEASING = YES;
				CLANG_WARN_BOOL_CONVERSION = YES;
				CLANG_WARN_COMMA = YES;
				CLANG_WARN_CONSTANT_CONVERSION = YES;
				CLANG_WARN_DEPRECATED_OBJC_IMPLEMENTATIONS = YES;
				CLANG_WARN_DIRECT_OBJC_ISA_USAGE = YES_ERROR;
				CLANG_WARN_DOCUMENTATION_COMMENTS = YES;
				CLANG_WARN_EMPTY_BODY = YES;
				CLANG_WARN_ENUM_CONVERSION = YES;
				CLANG_WARN_INFINITE_RECURSION = YES;
				CLANG_WARN_INT_CONVERSION = YES;
				CLANG_WARN_NON_LITERAL_NULL_CONVERSION = YES;
				CLANG_WARN_OBJC_IMPLICIT_RETAIN_SELF = YES;
				CLANG_WARN_OBJC_LITERAL_CONVERSION = YES;
				CLANG_WARN_OBJC_ROOT_CLASS = YES_ERROR;
				CLANG_WARN_QUOTED_INCLUDE_IN_FRAMEWORK_HEADER = YES;
				CLANG_WARN_RANGE_LOOP_ANALYSIS = YES;
				CLANG_WARN_STRICT_PROTOTYPES = YES;
				CLANG_WARN_SUSPICIOUS_MOVE = YES;
				CLANG_WARN_UNGUARDED_AVAILABILITY = YES_AGGRESSIVE;
				CLANG_WARN_UNREACHABLE_CODE = YES;
				CLANG_WARN__DUPLICATE_METHOD_MATCH = YES;
				COPY_PHASE_STRIP = NO;
				DEBUG_INFORMATION_FORMAT = "dwarf-with-dsym";
				ENABLE_NS_ASSERTIONS = NO;
				ENABLE_STRICT_OBJC_MSGSEND = YES;
				GCC_C_LANGUAGE_STANDARD = gnu11;
				GCC_NO_COMMON_BLOCKS = YES;
				GCC_WARN_64_TO_32_BIT_CONVERSION = YES;
				GCC_WARN_ABOUT_RETURN_TYPE = YES_ERROR;
				GCC_WARN_UNDECLARED_SELECTOR = YES;
				GCC_WARN_UNINITIALIZED_AUTOS = YES_AGGRESSIVE;
				GCC_WARN_UNUSED_FUNCTION = YES;
				GCC_WARN_UNUSED_VARIABLE = YES;
				IPHONEOS_DEPLOYMENT_TARGET = 14.5;
				MTL_ENABLE_DEBUG_INFO = NO;
				MTL_FAST_MATH = YES;
				SDKROOT = iphoneos;
				SWIFT_COMPILATION_MODE = wholemodule;
				SWIFT_OPTIMIZATION_LEVEL = "-O";
				VALIDATE_PRODUCT = YES;
			};
			name = Release;
		};
		1DE4E5D6270A5CD0004A30CA /* Debug */ = {
			isa = XCBuildConfiguration;
			buildSettings = {
				ASSETCATALOG_COMPILER_APPICON_NAME = AppIcon;
				ASSETCATALOG_COMPILER_GLOBAL_ACCENT_COLOR_NAME = AccentColor;
				CODE_SIGN_STYLE = Automatic;
				DEVELOPMENT_TEAM = "";
				INFOPLIST_FILE = fefuactivity/Info.plist;
				IPHONEOS_DEPLOYMENT_TARGET = 13.0;
				LD_RUNPATH_SEARCH_PATHS = (
					"$(inherited)",
					"@executable_path/Frameworks",
				);
				PRODUCT_BUNDLE_IDENTIFIER = co.feip.fefuactivity;
				PRODUCT_NAME = "$(TARGET_NAME)";
				SWIFT_VERSION = 5.0;
				TARGETED_DEVICE_FAMILY = 1;
			};
			name = Debug;
		};
		1DE4E5D7270A5CD0004A30CA /* Release */ = {
			isa = XCBuildConfiguration;
			buildSettings = {
				ASSETCATALOG_COMPILER_APPICON_NAME = AppIcon;
				ASSETCATALOG_COMPILER_GLOBAL_ACCENT_COLOR_NAME = AccentColor;
				CODE_SIGN_STYLE = Automatic;
				DEVELOPMENT_TEAM = "";
				INFOPLIST_FILE = fefuactivity/Info.plist;
				IPHONEOS_DEPLOYMENT_TARGET = 13.0;
				LD_RUNPATH_SEARCH_PATHS = (
					"$(inherited)",
					"@executable_path/Frameworks",
				);
				PRODUCT_BUNDLE_IDENTIFIER = co.feip.fefuactivity;
				PRODUCT_NAME = "$(TARGET_NAME)";
				SWIFT_VERSION = 5.0;
				TARGETED_DEVICE_FAMILY = 1;
			};
			name = Release;
		};
/* End XCBuildConfiguration section */

/* Begin XCConfigurationList section */
		1DE4E5BC270A5CCE004A30CA /* Build configuration list for PBXProject "fefuactivity" */ = {
			isa = XCConfigurationList;
			buildConfigurations = (
				1DE4E5D3270A5CD0004A30CA /* Debug */,
				1DE4E5D4270A5CD0004A30CA /* Release */,
			);
			defaultConfigurationIsVisible = 0;
			defaultConfigurationName = Release;
		};
		1DE4E5D5270A5CD0004A30CA /* Build configuration list for PBXNativeTarget "fefuactivity" */ = {
			isa = XCConfigurationList;
			buildConfigurations = (
				1DE4E5D6270A5CD0004A30CA /* Debug */,
				1DE4E5D7270A5CD0004A30CA /* Release */,
			);
			defaultConfigurationIsVisible = 0;
			defaultConfigurationName = Release;
		};
/* End XCConfigurationList section */

/* Begin XCVersionGroup section */
		1E207EFB2747B03E00C9BD79 /* fefuactivity.xcdatamodeld */ = {
			isa = XCVersionGroup;
			children = (
				1E207EFC2747B03E00C9BD79 /* fefuactivity.xcdatamodel */,
			);
			currentVersion = 1E207EFC2747B03E00C9BD79 /* fefuactivity.xcdatamodel */;
			path = fefuactivity.xcdatamodeld;
			sourceTree = "<group>";
			versionGroupType = wrapper.xcdatamodel;
		};
/* End XCVersionGroup section */
	};
	rootObject = 1DE4E5B9270A5CCE004A30CA /* Project object */;
}
