// !$*UTF8*$!
{
	archiveVersion = 1;
	classes = {
	};
	objectVersion = 50;
	objects = {

/* Begin PBXBuildFile section */
		9E8DA757272CF925007B31D8 /* TableViewController.swift in Sources */ = {isa = PBXBuildFile; fileRef = 9E8DA756272CF925007B31D8 /* TableViewController.swift */; };
		9E8DA763274D17E6007B31D8 /* ViewControllerdz3.swift in Sources */ = {isa = PBXBuildFile; fileRef = 9E8DA762274D17E6007B31D8 /* ViewControllerdz3.swift */; };
		9E98753827291EA0002439A8 /* TableViewCell.swift in Sources */ = {isa = PBXBuildFile; fileRef = 9E98753627291EA0002439A8 /* TableViewCell.swift */; };
		9E98753927291EA0002439A8 /* TableViewCell.xib in Resources */ = {isa = PBXBuildFile; fileRef = 9E98753727291EA0002439A8 /* TableViewCell.xib */; };
		9EEEEDBA271F9638008F1754 /* AppDelegate.swift in Sources */ = {isa = PBXBuildFile; fileRef = 9EEEEDB9271F9638008F1754 /* AppDelegate.swift */; };
		9EEEEDBC271F9638008F1754 /* SceneDelegate.swift in Sources */ = {isa = PBXBuildFile; fileRef = 9EEEEDBB271F9638008F1754 /* SceneDelegate.swift */; };
		9EEEEDBE271F9638008F1754 /* ViewController.swift in Sources */ = {isa = PBXBuildFile; fileRef = 9EEEEDBD271F9638008F1754 /* ViewController.swift */; };
		9EEEEDC1271F9638008F1754 /* Main.storyboard in Resources */ = {isa = PBXBuildFile; fileRef = 9EEEEDBF271F9638008F1754 /* Main.storyboard */; };
		9EEEEDC3271F9638008F1754 /* Assets.xcassets in Resources */ = {isa = PBXBuildFile; fileRef = 9EEEEDC2271F9638008F1754 /* Assets.xcassets */; };
		9EEEEDC6271F9638008F1754 /* LaunchScreen.storyboard in Resources */ = {isa = PBXBuildFile; fileRef = 9EEEEDC4271F9638008F1754 /* LaunchScreen.storyboard */; };
/* End PBXBuildFile section */

/* Begin PBXFileReference section */
		9E8DA756272CF925007B31D8 /* TableViewController.swift */ = {isa = PBXFileReference; lastKnownFileType = sourcecode.swift; path = TableViewController.swift; sourceTree = "<group>"; };
		9E8DA762274D17E6007B31D8 /* ViewControllerdz3.swift */ = {isa = PBXFileReference; lastKnownFileType = sourcecode.swift; path = ViewControllerdz3.swift; sourceTree = "<group>"; };
		9E98753627291EA0002439A8 /* TableViewCell.swift */ = {isa = PBXFileReference; lastKnownFileType = sourcecode.swift; path = TableViewCell.swift; sourceTree = "<group>"; };
		9E98753727291EA0002439A8 /* TableViewCell.xib */ = {isa = PBXFileReference; lastKnownFileType = file.xib; path = TableViewCell.xib; sourceTree = "<group>"; };
		9EEEEDB6271F9638008F1754 /* firstdz.app */ = {isa = PBXFileReference; explicitFileType = wrapper.application; includeInIndex = 0; path = firstdz.app; sourceTree = BUILT_PRODUCTS_DIR; };
		9EEEEDB9271F9638008F1754 /* AppDelegate.swift */ = {isa = PBXFileReference; lastKnownFileType = sourcecode.swift; path = AppDelegate.swift; sourceTree = "<group>"; };
		9EEEEDBB271F9638008F1754 /* SceneDelegate.swift */ = {isa = PBXFileReference; lastKnownFileType = sourcecode.swift; path = SceneDelegate.swift; sourceTree = "<group>"; };
		9EEEEDBD271F9638008F1754 /* ViewController.swift */ = {isa = PBXFileReference; lastKnownFileType = sourcecode.swift; path = ViewController.swift; sourceTree = "<group>"; };
		9EEEEDC0271F9638008F1754 /* Base */ = {isa = PBXFileReference; lastKnownFileType = file.storyboard; name = Base; path = Base.lproj/Main.storyboard; sourceTree = "<group>"; };
		9EEEEDC2271F9638008F1754 /* Assets.xcassets */ = {isa = PBXFileReference; lastKnownFileType = folder.assetcatalog; path = Assets.xcassets; sourceTree = "<group>"; };
		9EEEEDC5271F9638008F1754 /* Base */ = {isa = PBXFileReference; lastKnownFileType = file.storyboard; name = Base; path = Base.lproj/LaunchScreen.storyboard; sourceTree = "<group>"; };
		9EEEEDC7271F9638008F1754 /* Info.plist */ = {isa = PBXFileReference; lastKnownFileType = text.plist.xml; path = Info.plist; sourceTree = "<group>"; };
/* End PBXFileReference section */

/* Begin PBXFrameworksBuildPhase section */
		9EEEEDB3271F9638008F1754 /* Frameworks */ = {
			isa = PBXFrameworksBuildPhase;
			buildActionMask = 2147483647;
			files = (
			);
			runOnlyForDeploymentPostprocessing = 0;
		};
/* End PBXFrameworksBuildPhase section */

/* Begin PBXGroup section */
		9EEEEDAD271F9638008F1754 = {
			isa = PBXGroup;
			children = (
				9EEEEDB8271F9638008F1754 /* firstdz */,
			);
			sourceTree = "<group>";
		};
		9EEEEDB7271F9638008F1754 /* Products */ = {
			isa = PBXGroup;
			children = (
				9EEEEDB6271F9638008F1754 /* firstdz.app */,
			);
			name = Products;
			path = ..;
			sourceTree = "<group>";
		};
		9EEEEDB8271F9638008F1754 /* firstdz */ = {
			isa = PBXGroup;
			children = (
				9EEEEDB9271F9638008F1754 /* AppDelegate.swift */,
				9EEEEDBB271F9638008F1754 /* SceneDelegate.swift */,
				9EEEEDBD271F9638008F1754 /* ViewController.swift */,
				9EEEEDBF271F9638008F1754 /* Main.storyboard */,
				9EEEEDC2271F9638008F1754 /* Assets.xcassets */,
				9EEEEDC4271F9638008F1754 /* LaunchScreen.storyboard */,
				9EEEEDC7271F9638008F1754 /* Info.plist */,
				9E98753627291EA0002439A8 /* TableViewCell.swift */,
				9E98753727291EA0002439A8 /* TableViewCell.xib */,
				9EEEEDB7271F9638008F1754 /* Products */,
				9E8DA756272CF925007B31D8 /* TableViewController.swift */,
				9E8DA762274D17E6007B31D8 /* ViewControllerdz3.swift */,
			);
			path = firstdz;
			sourceTree = "<group>";
		};
/* End PBXGroup section */

/* Begin PBXNativeTarget section */
		9EEEEDB5271F9638008F1754 /* firstdz */ = {
			isa = PBXNativeTarget;
			buildConfigurationList = 9EEEEDCA271F9638008F1754 /* Build configuration list for PBXNativeTarget "firstdz" */;
			buildPhases = (
				9EEEEDB2271F9638008F1754 /* Sources */,
				9EEEEDB3271F9638008F1754 /* Frameworks */,
				9EEEEDB4271F9638008F1754 /* Resources */,
			);
			buildRules = (
			);
			dependencies = (
			);
			name = firstdz;
			productName = firstdz;
			productReference = 9EEEEDB6271F9638008F1754 /* firstdz.app */;
			productType = "com.apple.product-type.application";
		};
/* End PBXNativeTarget section */

/* Begin PBXProject section */
		9EEEEDAE271F9638008F1754 /* Project object */ = {
			isa = PBXProject;
			attributes = {
				LastSwiftUpdateCheck = 1250;
				LastUpgradeCheck = 1250;
				TargetAttributes = {
					9EEEEDB5271F9638008F1754 = {
						CreatedOnToolsVersion = 12.5;
					};
				};
			};
			buildConfigurationList = 9EEEEDB1271F9638008F1754 /* Build configuration list for PBXProject "firstdz" */;
			compatibilityVersion = "Xcode 9.3";
			developmentRegion = en;
			hasScannedForEncodings = 0;
			knownRegions = (
				en,
				Base,
			);
			mainGroup = 9EEEEDAD271F9638008F1754;
			productRefGroup = 9EEEEDB7271F9638008F1754 /* Products */;
			projectDirPath = "";
			projectRoot = "";
			targets = (
				9EEEEDB5271F9638008F1754 /* firstdz */,
			);
		};
/* End PBXProject section */

/* Begin PBXResourcesBuildPhase section */
		9EEEEDB4271F9638008F1754 /* Resources */ = {
			isa = PBXResourcesBuildPhase;
			buildActionMask = 2147483647;
			files = (
				9EEEEDC6271F9638008F1754 /* LaunchScreen.storyboard in Resources */,
				9E98753927291EA0002439A8 /* TableViewCell.xib in Resources */,
				9EEEEDC3271F9638008F1754 /* Assets.xcassets in Resources */,
				9EEEEDC1271F9638008F1754 /* Main.storyboard in Resources */,
			);
			runOnlyForDeploymentPostprocessing = 0;
		};
/* End PBXResourcesBuildPhase section */

/* Begin PBXSourcesBuildPhase section */
		9EEEEDB2271F9638008F1754 /* Sources */ = {
			isa = PBXSourcesBuildPhase;
			buildActionMask = 2147483647;
			files = (
				9EEEEDBE271F9638008F1754 /* ViewController.swift in Sources */,
				9E98753827291EA0002439A8 /* TableViewCell.swift in Sources */,
				9EEEEDBA271F9638008F1754 /* AppDelegate.swift in Sources */,
				9E8DA757272CF925007B31D8 /* TableViewController.swift in Sources */,
				9E8DA763274D17E6007B31D8 /* ViewControllerdz3.swift in Sources */,
				9EEEEDBC271F9638008F1754 /* SceneDelegate.swift in Sources */,
			);
			runOnlyForDeploymentPostprocessing = 0;
		};
/* End PBXSourcesBuildPhase section */

/* Begin PBXVariantGroup section */
		9EEEEDBF271F9638008F1754 /* Main.storyboard */ = {
			isa = PBXVariantGroup;
			children = (
				9EEEEDC0271F9638008F1754 /* Base */,
			);
			name = Main.storyboard;
			sourceTree = "<group>";
		};
		9EEEEDC4271F9638008F1754 /* LaunchScreen.storyboard */ = {
			isa = PBXVariantGroup;
			children = (
				9EEEEDC5271F9638008F1754 /* Base */,
			);
			name = LaunchScreen.storyboard;
			sourceTree = "<group>";
		};
/* End PBXVariantGroup section */

/* Begin XCBuildConfiguration section */
		9EEEEDC8271F9638008F1754 /* Debug */ = {
			isa = XCBuildConfiguration;
			buildSettings = {
				ALWAYS_SEARCH_USER_PATHS = NO;
				CLANG_ANALYZER_NONNULL = YES;
				CLANG_ANALYZER_NUMBER_OBJECT_CONVERSION = YES_AGGRESSIVE;
				CLANG_CXX_LANGUAGE_STANDARD = "gnu++14";
				CLANG_CXX_LIBRARY = "libc++";
				CLANG_ENABLE_MODULES = YES;
				CLANG_ENABLE_OBJC_ARC = YES;
				CLANG_ENABLE_OBJC_WEAK = YES;
				CLANG_WARN_BLOCK_CAPTURE_AUTORELEASING = YES;
				CLANG_WARN_BOOL_CONVERSION = YES;
				CLANG_WARN_COMMA = YES;
				CLANG_WARN_CONSTANT_CONVERSION = YES;
				CLANG_WARN_DEPRECATED_OBJC_IMPLEMENTATIONS = YES;
				CLANG_WARN_DIRECT_OBJC_ISA_USAGE = YES_ERROR;
				CLANG_WARN_DOCUMENTATION_COMMENTS = YES;
				CLANG_WARN_EMPTY_BODY = YES;
				CLANG_WARN_ENUM_CONVERSION = YES;
				CLANG_WARN_INFINITE_RECURSION = YES;
				CLANG_WARN_INT_CONVERSION = YES;
				CLANG_WARN_NON_LITERAL_NULL_CONVERSION = YES;
				CLANG_WARN_OBJC_IMPLICIT_RETAIN_SELF = YES;
				CLANG_WARN_OBJC_LITERAL_CONVERSION = YES;
				CLANG_WARN_OBJC_ROOT_CLASS = YES_ERROR;
				CLANG_WARN_QUOTED_INCLUDE_IN_FRAMEWORK_HEADER = YES;
				CLANG_WARN_RANGE_LOOP_ANALYSIS = YES;
				CLANG_WARN_STRICT_PROTOTYPES = YES;
				CLANG_WARN_SUSPICIOUS_MOVE = YES;
				CLANG_WARN_UNGUARDED_AVAILABILITY = YES_AGGRESSIVE;
				CLANG_WARN_UNREACHABLE_CODE = YES;
				CLANG_WARN__DUPLICATE_METHOD_MATCH = YES;
				COPY_PHASE_STRIP = NO;
				DEBUG_INFORMATION_FORMAT = dwarf;
				ENABLE_STRICT_OBJC_MSGSEND = YES;
				ENABLE_TESTABILITY = YES;
				GCC_C_LANGUAGE_STANDARD = gnu11;
				GCC_DYNAMIC_NO_PIC = NO;
				GCC_NO_COMMON_BLOCKS = YES;
				GCC_OPTIMIZATION_LEVEL = 0;
				GCC_PREPROCESSOR_DEFINITIONS = (
					"DEBUG=1",
					"$(inherited)",
				);
				GCC_WARN_64_TO_32_BIT_CONVERSION = YES;
				GCC_WARN_ABOUT_RETURN_TYPE = YES_ERROR;
				GCC_WARN_UNDECLARED_SELECTOR = YES;
				GCC_WARN_UNINITIALIZED_AUTOS = YES_AGGRESSIVE;
				GCC_WARN_UNUSED_FUNCTION = YES;
				GCC_WARN_UNUSED_VARIABLE = YES;
				IPHONEOS_DEPLOYMENT_TARGET = 14.5;
				MTL_ENABLE_DEBUG_INFO = INCLUDE_SOURCE;
				MTL_FAST_MATH = YES;
				ONLY_ACTIVE_ARCH = YES;
				SDKROOT = iphoneos;
				SWIFT_ACTIVE_COMPILATION_CONDITIONS = DEBUG;
				SWIFT_OPTIMIZATION_LEVEL = "-Onone";
			};
			name = Debug;
		};
		9EEEEDC9271F9638008F1754 /* Release */ = {
			isa = XCBuildConfiguration;
			buildSettings = {
				ALWAYS_SEARCH_USER_PATHS = NO;
				CLANG_ANALYZER_NONNULL = YES;
				CLANG_ANALYZER_NUMBER_OBJECT_CONVERSION = YES_AGGRESSIVE;
				CLANG_CXX_LANGUAGE_STANDARD = "gnu++14";
				CLANG_CXX_LIBRARY = "libc++";
				CLANG_ENABLE_MODULES = YES;
				CLANG_ENABLE_OBJC_ARC = YES;
				CLANG_ENABLE_OBJC_WEAK = YES;
				CLANG_WARN_BLOCK_CAPTURE_AUTORELEASING = YES;
				CLANG_WARN_BOOL_CONVERSION = YES;
				CLANG_WARN_COMMA = YES;
				CLANG_WARN_CONSTANT_CONVERSION = YES;
				CLANG_WARN_DEPRECATED_OBJC_IMPLEMENTATIONS = YES;
				CLANG_WARN_DIRECT_OBJC_ISA_USAGE = YES_ERROR;
				CLANG_WARN_DOCUMENTATION_COMMENTS = YES;
				CLANG_WARN_EMPTY_BODY = YES;
				CLANG_WARN_ENUM_CONVERSION = YES;
				CLANG_WARN_INFINITE_RECURSION = YES;
				CLANG_WARN_INT_CONVERSION = YES;
				CLANG_WARN_NON_LITERAL_NULL_CONVERSION = YES;
				CLANG_WARN_OBJC_IMPLICIT_RETAIN_SELF = YES;
				CLANG_WARN_OBJC_LITERAL_CONVERSION = YES;
				CLANG_WARN_OBJC_ROOT_CLASS = YES_ERROR;
				CLANG_WARN_QUOTED_INCLUDE_IN_FRAMEWORK_HEADER = YES;
				CLANG_WARN_RANGE_LOOP_ANALYSIS = YES;
				CLANG_WARN_STRICT_PROTOTYPES = YES;
				CLANG_WARN_SUSPICIOUS_MOVE = YES;
				CLANG_WARN_UNGUARDED_AVAILABILITY = YES_AGGRESSIVE;
				CLANG_WARN_UNREACHABLE_CODE = YES;
				CLANG_WARN__DUPLICATE_METHOD_MATCH = YES;
				COPY_PHASE_STRIP = NO;
				DEBUG_INFORMATION_FORMAT = "dwarf-with-dsym";
				ENABLE_NS_ASSERTIONS = NO;
				ENABLE_STRICT_OBJC_MSGSEND = YES;
				GCC_C_LANGUAGE_STANDARD = gnu11;
				GCC_NO_COMMON_BLOCKS = YES;
				GCC_WARN_64_TO_32_BIT_CONVERSION = YES;
				GCC_WARN_ABOUT_RETURN_TYPE = YES_ERROR;
				GCC_WARN_UNDECLARED_SELECTOR = YES;
				GCC_WARN_UNINITIALIZED_AUTOS = YES_AGGRESSIVE;
				GCC_WARN_UNUSED_FUNCTION = YES;
				GCC_WARN_UNUSED_VARIABLE = YES;
				IPHONEOS_DEPLOYMENT_TARGET = 14.5;
				MTL_ENABLE_DEBUG_INFO = NO;
				MTL_FAST_MATH = YES;
				SDKROOT = iphoneos;
				SWIFT_COMPILATION_MODE = wholemodule;
				SWIFT_OPTIMIZATION_LEVEL = "-O";
				VALIDATE_PRODUCT = YES;
			};
			name = Release;
		};
		9EEEEDCB271F9638008F1754 /* Debug */ = {
			isa = XCBuildConfiguration;
			buildSettings = {
				ASSETCATALOG_COMPILER_APPICON_NAME = AppIcon;
				ASSETCATALOG_COMPILER_GLOBAL_ACCENT_COLOR_NAME = AccentColor;
				CODE_SIGN_STYLE = Automatic;
				INFOPLIST_FILE = firstdz/Info.plist;
				LD_RUNPATH_SEARCH_PATHS = (
					"$(inherited)",
					"@executable_path/Frameworks",
				);
				PRODUCT_BUNDLE_IDENTIFIER = dvfu.yurvik.firstdz;
				PRODUCT_NAME = "$(TARGET_NAME)";
				SWIFT_VERSION = 5.0;
				TARGETED_DEVICE_FAMILY = "1,2";
			};
			name = Debug;
		};
		9EEEEDCC271F9638008F1754 /* Release */ = {
			isa = XCBuildConfiguration;
			buildSettings = {
				ASSETCATALOG_COMPILER_APPICON_NAME = AppIcon;
				ASSETCATALOG_COMPILER_GLOBAL_ACCENT_COLOR_NAME = AccentColor;
				CODE_SIGN_STYLE = Automatic;
				INFOPLIST_FILE = firstdz/Info.plist;
				LD_RUNPATH_SEARCH_PATHS = (
					"$(inherited)",
					"@executable_path/Frameworks",
				);
				PRODUCT_BUNDLE_IDENTIFIER = dvfu.yurvik.firstdz;
				PRODUCT_NAME = "$(TARGET_NAME)";
				SWIFT_VERSION = 5.0;
				TARGETED_DEVICE_FAMILY = "1,2";
			};
			name = Release;
		};
/* End XCBuildConfiguration section */

/* Begin XCConfigurationList section */
		9EEEEDB1271F9638008F1754 /* Build configuration list for PBXProject "firstdz" */ = {
			isa = XCConfigurationList;
			buildConfigurations = (
				9EEEEDC8271F9638008F1754 /* Debug */,
				9EEEEDC9271F9638008F1754 /* Release */,
			);
			defaultConfigurationIsVisible = 0;
			defaultConfigurationName = Release;
		};
		9EEEEDCA271F9638008F1754 /* Build configuration list for PBXNativeTarget "firstdz" */ = {
			isa = XCConfigurationList;
			buildConfigurations = (
				9EEEEDCB271F9638008F1754 /* Debug */,
				9EEEEDCC271F9638008F1754 /* Release */,
			);
			defaultConfigurationIsVisible = 0;
			defaultConfigurationName = Release;
		};
/* End XCConfigurationList section */
	};
	rootObject = 9EEEEDAE271F9638008F1754 /* Project object */;
}
